
Microsoft Visual Studio Solution File, Format Version 12.00
# Visual Studio Version 18
VisualStudioVersion = 18.6.11828.311 oobstable
MinimumVisualStudioVersion = 10.0.40219.1
Project("{FAE04EC0-301F-11D3-BF4B-00C04F79EFBC}") = "CatClawMusicServer", "CatClawMusicServer.csproj", "{7C62AD2F-2090-E5E3-C98E-15B56C357D2F}"
EndProject
Global
	GlobalSection(SolutionConfigurationPlatforms) = preSolution
		Debug|Any CPU = Debug|Any CPU
		Release|Any CPU = Release|Any CPU
	EndGlobalSection
	GlobalSection(ProjectConfigurationPlatforms) = postSolution
		{7C62AD2F-2090-E5E3-C98E-15B56C357D2F}.Debug|Any CPU.ActiveCfg = Debug|Any CPU
		{7C62AD2F-2090-E5E3-C98E-15B56C357D2F}.Debug|Any CPU.Build.0 = Debug|Any CPU
		{7C62AD2F-2090-E5E3-C98E-15B56C357D2F}.Release|Any CPU.ActiveCfg = Release|Any CPU
		{7C62AD2F-2090-E5E3-C98E-15B56C357D2F}.Release|Any CPU.Build.0 = Release|Any CPU
	EndGlobalSection
	GlobalSection(SolutionProperties) = preSolution
		HideSolutionNode = FALSE
	EndGlobalSection
	GlobalSection(ExtensibilityGlobals) = postSolution
		SolutionGuid = {A93F426F-77A0-4831-8E55-8A30E440705D}
	EndGlobalSection
EndGlobal
